// !$*UTF8*$!
{
	archiveVersion = 1;
	classes = {
	};
	objectVersion = 46;
	objects = {

/* Begin PBXBuildFile section */
		B4D658F61BFA60BB005FAEB6 /* main.m in Sources */ = {isa = PBXBuildFile; fileRef = B4D658F51BFA60BB005FAEB6 /* main.m */; };
		B4D658F91BFA60BB005FAEB6 /* AppDelegate.m in Sources */ = {isa = PBXBuildFile; fileRef = B4D658F81BFA60BB005FAEB6 /* AppDelegate.m */; };
		B4D658FC1BFA60BB005FAEB6 /* ViewController.m in Sources */ = {isa = PBXBuildFile; fileRef = B4D658FB1BFA60BB005FAEB6 /* ViewController.m */; };
		B4D658FF1BFA60BB005FAEB6 /* Main.storyboard in Resources */ = {isa = PBXBuildFile; fileRef = B4D658FD1BFA60BB005FAEB6 /* Main.storyboard */; };
		B4D659021BFA60BB005FAEB6 /* CoreDataCoursera.xcdatamodeld in Sources */ = {isa = PBXBuildFile; fileRef = B4D659001BFA60BB005FAEB6 /* CoreDataCoursera.xcdatamodeld */; };
		B4D659041BFA60BB005FAEB6 /* Assets.xcassets in Resources */ = {isa = PBXBuildFile; fileRef = B4D659031BFA60BB005FAEB6 /* Assets.xcassets */; };
		B4D659071BFA60BB005FAEB6 /* LaunchScreen.storyboard in Resources */ = {isa = PBXBuildFile; fileRef = B4D659051BFA60BB005FAEB6 /* LaunchScreen.storyboard */; };
		B4F00EAF1BFA88D300DBA438 /* PersonMo+CoreDataProperties.m in Sources */ = {isa = PBXBuildFile; fileRef = B4F00EA41BFA88D300DBA438 /* PersonMo+CoreDataProperties.m */; settings = {ASSET_TAGS = (); }; };
		B4F00EB01BFA88D300DBA438 /* PersonMo.m in Sources */ = {isa = PBXBuildFile; fileRef = B4F00EA61BFA88D300DBA438 /* PersonMo.m */; settings = {ASSET_TAGS = (); }; };
		B4F00EB11BFA88D300DBA438 /* CoreMo+CoreDataProperties.m in Sources */ = {isa = PBXBuildFile; fileRef = B4F00EA81BFA88D300DBA438 /* CoreMo+CoreDataProperties.m */; settings = {ASSET_TAGS = (); }; };
		B4F00EB21BFA88D300DBA438 /* CoreMo.m in Sources */ = {isa = PBXBuildFile; fileRef = B4F00EAA1BFA88D300DBA438 /* CoreMo.m */; settings = {ASSET_TAGS = (); }; };
		B4F00EB31BFA88D300DBA438 /* ChoreLogMO+CoreDataProperties.m in Sources */ = {isa = PBXBuildFile; fileRef = B4F00EAC1BFA88D300DBA438 /* ChoreLogMO+CoreDataProperties.m */; settings = {ASSET_TAGS = (); }; };
		B4F00EB41BFA88D300DBA438 /* ChoreLogMO.m in Sources */ = {isa = PBXBuildFile; fileRef = B4F00EAE1BFA88D300DBA438 /* ChoreLogMO.m */; settings = {ASSET_TAGS = (); }; };
/* End PBXBuildFile section */

/* Begin PBXFileReference section */
		B4D658F11BFA60BB005FAEB6 /* CoreDataCoursera.app */ = {isa = PBXFileReference; explicitFileType = wrapper.application; includeInIndex = 0; path = CoreDataCoursera.app; sourceTree = BUILT_PRODUCTS_DIR; };
		B4D658F51BFA60BB005FAEB6 /* main.m */ = {isa = PBXFileReference; lastKnownFileType = sourcecode.c.objc; path = main.m; sourceTree = "<group>"; };
		B4D658F71BFA60BB005FAEB6 /* AppDelegate.h */ = {isa = PBXFileReference; lastKnownFileType = sourcecode.c.h; path = AppDelegate.h; sourceTree = "<group>"; };
		B4D658F81BFA60BB005FAEB6 /* AppDelegate.m */ = {isa = PBXFileReference; lastKnownFileType = sourcecode.c.objc; path = AppDelegate.m; sourceTree = "<group>"; };
		B4D658FA1BFA60BB005FAEB6 /* ViewController.h */ = {isa = PBXFileReference; lastKnownFileType = sourcecode.c.h; path = ViewController.h; sourceTree = "<group>"; };
		B4D658FB1BFA60BB005FAEB6 /* ViewController.m */ = {isa = PBXFileReference; lastKnownFileType = sourcecode.c.objc; path = ViewController.m; sourceTree = "<group>"; };
		B4D658FE1BFA60BB005FAEB6 /* Base */ = {isa = PBXFileReference; lastKnownFileType = file.storyboard; name = Base; path = Base.lproj/Main.storyboard; sourceTree = "<group>"; };
		B4D659011BFA60BB005FAEB6 /* CoreDataCoursera.xcdatamodel */ = {isa = PBXFileReference; lastKnownFileType = wrapper.xcdatamodel; path = CoreDataCoursera.xcdatamodel; sourceTree = "<group>"; };
		B4D659031BFA60BB005FAEB6 /* Assets.xcassets */ = {isa = PBXFileReference; lastKnownFileType = folder.assetcatalog; path = Assets.xcassets; sourceTree = "<group>"; };
		B4D659061BFA60BB005FAEB6 /* Base */ = {isa = PBXFileReference; lastKnownFileType = file.storyboard; name = Base; path = Base.lproj/LaunchScreen.storyboard; sourceTree = "<group>"; };
		B4D659081BFA60BB005FAEB6 /* Info.plist */ = {isa = PBXFileReference; lastKnownFileType = text.plist.xml; path = Info.plist; sourceTree = "<group>"; };
		B4F00EA31BFA88D300DBA438 /* PersonMo+CoreDataProperties.h */ = {isa = PBXFileReference; fileEncoding = 4; lastKnownFileType = sourcecode.c.h; path = "PersonMo+CoreDataProperties.h"; sourceTree = "<group>"; };
		B4F00EA41BFA88D300DBA438 /* PersonMo+CoreDataProperties.m */ = {isa = PBXFileReference; fileEncoding = 4; lastKnownFileType = sourcecode.c.objc; path = "PersonMo+CoreDataProperties.m"; sourceTree = "<group>"; };
		B4F00EA51BFA88D300DBA438 /* PersonMo.h */ = {isa = PBXFileReference; fileEncoding = 4; lastKnownFileType = sourcecode.c.h; path = PersonMo.h; sourceTree = "<group>"; };
		B4F00EA61BFA88D300DBA438 /* PersonMo.m */ = {isa = PBXFileReference; fileEncoding = 4; lastKnownFileType = sourcecode.c.objc; path = PersonMo.m; sourceTree = "<group>"; };
		B4F00EA71BFA88D300DBA438 /* CoreMo+CoreDataProperties.h */ = {isa = PBXFileReference; fileEncoding = 4; lastKnownFileType = sourcecode.c.h; path = "CoreMo+CoreDataProperties.h"; sourceTree = "<group>"; };
		B4F00EA81BFA88D300DBA438 /* CoreMo+CoreDataProperties.m */ = {isa = PBXFileReference; fileEncoding = 4; lastKnownFileType = sourcecode.c.objc; path = "CoreMo+CoreDataProperties.m"; sourceTree = "<group>"; };
		B4F00EA91BFA88D300DBA438 /* CoreMo.h */ = {isa = PBXFileReference; fileEncoding = 4; lastKnownFileType = sourcecode.c.h; path = CoreMo.h; sourceTree = "<group>"; };
		B4F00EAA1BFA88D300DBA438 /* CoreMo.m */ = {isa = PBXFileReference; fileEncoding = 4; lastKnownFileType = sourcecode.c.objc; path = CoreMo.m; sourceTree = "<group>"; };
		B4F00EAB1BFA88D300DBA438 /* ChoreLogMO+CoreDataProperties.h */ = {isa = PBXFileReference; fileEncoding = 4; lastKnownFileType = sourcecode.c.h; path = "ChoreLogMO+CoreDataProperties.h"; sourceTree = "<group>"; };
		B4F00EAC1BFA88D300DBA438 /* ChoreLogMO+CoreDataProperties.m */ = {isa = PBXFileReference; fileEncoding = 4; lastKnownFileType = sourcecode.c.objc; path = "ChoreLogMO+CoreDataProperties.m"; sourceTree = "<group>"; };
		B4F00EAD1BFA88D300DBA438 /* ChoreLogMO.h */ = {isa = PBXFileReference; fileEncoding = 4; lastKnownFileType = sourcecode.c.h; path = ChoreLogMO.h; sourceTree = "<group>"; };
		B4F00EAE1BFA88D300DBA438 /* ChoreLogMO.m */ = {isa = PBXFileReference; fileEncoding = 4; lastKnownFileType = sourcecode.c.objc; path = ChoreLogMO.m; sourceTree = "<group>"; };
/* End PBXFileReference section */

/* Begin PBXFrameworksBuildPhase section */
		B4D658EE1BFA60BB005FAEB6 /* Frameworks */ = {
			isa = PBXFrameworksBuildPhase;
			buildActionMask = 2147483647;
			files = (
			);
			runOnlyForDeploymentPostprocessing = 0;
		};
/* End PBXFrameworksBuildPhase section */

/* Begin PBXGroup section */
		B4D658E81BFA60BB005FAEB6 = {
			isa = PBXGroup;
			children = (
				B4F00EA31BFA88D300DBA438 /* PersonMo+CoreDataProperties.h */,
				B4F00EA41BFA88D300DBA438 /* PersonMo+CoreDataProperties.m */,
				B4F00EA51BFA88D300DBA438 /* PersonMo.h */,
				B4F00EA61BFA88D300DBA438 /* PersonMo.m */,
				B4F00EA71BFA88D300DBA438 /* CoreMo+CoreDataProperties.h */,
				B4F00EA81BFA88D300DBA438 /* CoreMo+CoreDataProperties.m */,
				B4F00EA91BFA88D300DBA438 /* CoreMo.h */,
				B4F00EAA1BFA88D300DBA438 /* CoreMo.m */,
				B4F00EAB1BFA88D300DBA438 /* ChoreLogMO+CoreDataProperties.h */,
				B4F00EAC1BFA88D300DBA438 /* ChoreLogMO+CoreDataProperties.m */,
				B4F00EAD1BFA88D300DBA438 /* ChoreLogMO.h */,
				B4F00EAE1BFA88D300DBA438 /* ChoreLogMO.m */,
				B4D658F31BFA60BB005FAEB6 /* CoreDataCoursera */,
				B4D658F21BFA60BB005FAEB6 /* Products */,
			);
			sourceTree = "<group>";
		};
		B4D658F21BFA60BB005FAEB6 /* Products */ = {
			isa = PBXGroup;
			children = (
				B4D658F11BFA60BB005FAEB6 /* CoreDataCoursera.app */,
			);
			name = Products;
			sourceTree = "<group>";
		};
		B4D658F31BFA60BB005FAEB6 /* CoreDataCoursera */ = {
			isa = PBXGroup;
			children = (
				B4D658F71BFA60BB005FAEB6 /* AppDelegate.h */,
				B4D658F81BFA60BB005FAEB6 /* AppDelegate.m */,
				B4D658FA1BFA60BB005FAEB6 /* ViewController.h */,
				B4D658FB1BFA60BB005FAEB6 /* ViewController.m */,
				B4D658FD1BFA60BB005FAEB6 /* Main.storyboard */,
				B4D659031BFA60BB005FAEB6 /* Assets.xcassets */,
				B4D659051BFA60BB005FAEB6 /* LaunchScreen.storyboard */,
				B4D659081BFA60BB005FAEB6 /* Info.plist */,
				B4D659001BFA60BB005FAEB6 /* CoreDataCoursera.xcdatamodeld */,
				B4D658F41BFA60BB005FAEB6 /* Supporting Files */,
			);
			path = CoreDataCoursera;
			sourceTree = "<group>";
		};
		B4D658F41BFA60BB005FAEB6 /* Supporting Files */ = {
			isa = PBXGroup;
			children = (
				B4D658F51BFA60BB005FAEB6 /* main.m */,
			);
			name = "Supporting Files";
			sourceTree = "<group>";
		};
/* End PBXGroup section */

/* Begin PBXNativeTarget section */
		B4D658F01BFA60BB005FAEB6 /* CoreDataCoursera */ = {
			isa = PBXNativeTarget;
			buildConfigurationList = B4D6590B1BFA60BB005FAEB6 /* Build configuration list for PBXNativeTarget "CoreDataCoursera" */;
			buildPhases = (
				B4D658ED1BFA60BB005FAEB6 /* Sources */,
				B4D658EE1BFA60BB005FAEB6 /* Frameworks */,
				B4D658EF1BFA60BB005FAEB6 /* Resources */,
			);
			buildRules = (
			);
			dependencies = (
			);
			name = CoreDataCoursera;
			productName = CoreDataCoursera;
			productReference = B4D658F11BFA60BB005FAEB6 /* CoreDataCoursera.app */;
			productType = "com.apple.product-type.application";
		};
/* End PBXNativeTarget section */

/* Begin PBXProject section */
		B4D658E91BFA60BB005FAEB6 /* Project object */ = {
			isa = PBXProject;
			attributes = {
				LastUpgradeCheck = 0700;
				ORGANIZATIONNAME = "Ricardo Maduro";
				TargetAttributes = {
					B4D658F01BFA60BB005FAEB6 = {
						CreatedOnToolsVersion = 7.0.1;
					};
				};
			};
			buildConfigurationList = B4D658EC1BFA60BB005FAEB6 /* Build configuration list for PBXProject "CoreDataCoursera" */;
			compatibilityVersion = "Xcode 3.2";
			developmentRegion = English;
			hasScannedForEncodings = 0;
			knownRegions = (
				en,
				Base,
			);
			mainGroup = B4D658E81BFA60BB005FAEB6;
			productRefGroup = B4D658F21BFA60BB005FAEB6 /* Products */;
			projectDirPath = "";
			projectRoot = "";
			targets = (
				B4D658F01BFA60BB005FAEB6 /* CoreDataCoursera */,
			);
		};
/* End PBXProject section */

/* Begin PBXResourcesBuildPhase section */
		B4D658EF1BFA60BB005FAEB6 /* Resources */ = {
			isa = PBXResourcesBuildPhase;
			buildActionMask = 2147483647;
			files = (
				B4D659071BFA60BB005FAEB6 /* LaunchScreen.storyboard in Resources */,
				B4D659041BFA60BB005FAEB6 /* Assets.xcassets in Resources */,
				B4D658FF1BFA60BB005FAEB6 /* Main.storyboard in Resources */,
			);
			runOnlyForDeploymentPostprocessing = 0;
		};
/* End PBXResourcesBuildPhase section */

/* Begin PBXSourcesBuildPhase section */
		B4D658ED1BFA60BB005FAEB6 /* Sources */ = {
			isa = PBXSourcesBuildPhase;
			buildActionMask = 2147483647;
			files = (
				B4F00EB21BFA88D300DBA438 /* CoreMo.m in Sources */,
				B4D659021BFA60BB005FAEB6 /* CoreDataCoursera.xcdatamodeld in Sources */,
				B4D658FC1BFA60BB005FAEB6 /* ViewController.m in Sources */,
				B4F00EB01BFA88D300DBA438 /* PersonMo.m in Sources */,
				B4D658F91BFA60BB005FAEB6 /* AppDelegate.m in Sources */,
				B4F00EB11BFA88D300DBA438 /* CoreMo+CoreDataProperties.m in Sources */,
				B4F00EAF1BFA88D300DBA438 /* PersonMo+CoreDataProperties.m in Sources */,
				B4D658F61BFA60BB005FAEB6 /* main.m in Sources */,
				B4F00EB41BFA88D300DBA438 /* ChoreLogMO.m in Sources */,
				B4F00EB31BFA88D300DBA438 /* ChoreLogMO+CoreDataProperties.m in Sources */,
			);
			runOnlyForDeploymentPostprocessing = 0;
		};
/* End PBXSourcesBuildPhase section */

/* Begin PBXVariantGroup section */
		B4D658FD1BFA60BB005FAEB6 /* Main.storyboard */ = {
			isa = PBXVariantGroup;
			children = (
				B4D658FE1BFA60BB005FAEB6 /* Base */,
			);
			name = Main.storyboard;
			sourceTree = "<group>";
		};
		B4D659051BFA60BB005FAEB6 /* LaunchScreen.storyboard */ = {
			isa = PBXVariantGroup;
			children = (
				B4D659061BFA60BB005FAEB6 /* Base */,
			);
			name = LaunchScreen.storyboard;
			sourceTree = "<group>";
		};
/* End PBXVariantGroup section */

/* Begin XCBuildConfiguration section */
		B4D659091BFA60BB005FAEB6 /* Debug */ = {
			isa = XCBuildConfiguration;
			buildSettings = {
				ALWAYS_SEARCH_USER_PATHS = NO;
				CLANG_CXX_LANGUAGE_STANDARD = "gnu++0x";
				CLANG_CXX_LIBRARY = "libc++";
				CLANG_ENABLE_MODULES = YES;
				CLANG_ENABLE_OBJC_ARC = YES;
				CLANG_WARN_BOOL_CONVERSION = YES;
				CLANG_WARN_CONSTANT_CONVERSION = YES;
				CLANG_WARN_DIRECT_OBJC_ISA_USAGE = YES_ERROR;
				CLANG_WARN_EMPTY_BODY = YES;
				CLANG_WARN_ENUM_CONVERSION = YES;
				CLANG_WARN_INT_CONVERSION = YES;
				CLANG_WARN_OBJC_ROOT_CLASS = YES_ERROR;
				CLANG_WARN_UNREACHABLE_CODE = YES;
				CLANG_WARN__DUPLICATE_METHOD_MATCH = YES;
				"CODE_SIGN_IDENTITY[sdk=iphoneos*]" = "iPhone Developer";
				COPY_PHASE_STRIP = NO;
				DEBUG_INFORMATION_FORMAT = dwarf;
				ENABLE_STRICT_OBJC_MSGSEND = YES;
				ENABLE_TESTABILITY = YES;
				GCC_C_LANGUAGE_STANDARD = gnu99;
				GCC_DYNAMIC_NO_PIC = NO;
				GCC_NO_COMMON_BLOCKS = YES;
				GCC_OPTIMIZATION_LEVEL = 0;
				GCC_PREPROCESSOR_DEFINITIONS = (
					"DEBUG=1",
					"$(inherited)",
				);
				GCC_WARN_64_TO_32_BIT_CONVERSION = YES;
				GCC_WARN_ABOUT_RETURN_TYPE = YES_ERROR;
				GCC_WARN_UNDECLARED_SELECTOR = YES;
				GCC_WARN_UNINITIALIZED_AUTOS = YES_AGGRESSIVE;
				GCC_WARN_UNUSED_FUNCTION = YES;
				GCC_WARN_UNUSED_VARIABLE = YES;
				IPHONEOS_DEPLOYMENT_TARGET = 9.0;
				MTL_ENABLE_DEBUG_INFO = YES;
				ONLY_ACTIVE_ARCH = YES;
				SDKROOT = iphoneos;
				TARGETED_DEVICE_FAMILY = "1,2";
			};
			name = Debug;
		};
		B4D6590A1BFA60BB005FAEB6 /* Release */ = {
			isa = XCBuildConfiguration;
			buildSettings = {
				ALWAYS_SEARCH_USER_PATHS = NO;
				CLANG_CXX_LANGUAGE_STANDARD = "gnu++0x";
				CLANG_CXX_LIBRARY = "libc++";
				CLANG_ENABLE_MODULES = YES;
				CLANG_ENABLE_OBJC_ARC = YES;
				CLANG_WARN_BOOL_CONVERSION = YES;
				CLANG_WARN_CONSTANT_CONVERSION = YES;
				CLANG_WARN_DIRECT_OBJC_ISA_USAGE = YES_ERROR;
				CLANG_WARN_EMPTY_BODY = YES;
				CLANG_WARN_ENUM_CONVERSION = YES;
				CLANG_WARN_INT_CONVERSION = YES;
				CLANG_WARN_OBJC_ROOT_CLASS = YES_ERROR;
				CLANG_WARN_UNREACHABLE_CODE = YES;
				CLANG_WARN__DUPLICATE_METHOD_MATCH = YES;
				"CODE_SIGN_IDENTITY[sdk=iphoneos*]" = "iPhone Developer";
				COPY_PHASE_STRIP = NO;
				DEBUG_INFORMATION_FORMAT = "dwarf-with-dsym";
				ENABLE_NS_ASSERTIONS = NO;
				ENABLE_STRICT_OBJC_MSGSEND = YES;
				GCC_C_LANGUAGE_STANDARD = gnu99;
				GCC_NO_COMMON_BLOCKS = YES;
				GCC_WARN_64_TO_32_BIT_CONVERSION = YES;
				GCC_WARN_ABOUT_RETURN_TYPE = YES_ERROR;
				GCC_WARN_UNDECLARED_SELECTOR = YES;
				GCC_WARN_UNINITIALIZED_AUTOS = YES_AGGRESSIVE;
				GCC_WARN_UNUSED_FUNCTION = YES;
				GCC_WARN_UNUSED_VARIABLE = YES;
				IPHONEOS_DEPLOYMENT_TARGET = 9.0;
				MTL_ENABLE_DEBUG_INFO = NO;
				SDKROOT = iphoneos;
				TARGETED_DEVICE_FAMILY = "1,2";
				VALIDATE_PRODUCT = YES;
			};
			name = Release;
		};
		B4D6590C1BFA60BB005FAEB6 /* Debug */ = {
			isa = XCBuildConfiguration;
			buildSettings = {
				ASSETCATALOG_COMPILER_APPICON_NAME = AppIcon;
				INFOPLIST_FILE = CoreDataCoursera/Info.plist;
				LD_RUNPATH_SEARCH_PATHS = "$(inherited) @executable_path/Frameworks";
				PRODUCT_BUNDLE_IDENTIFIER = "-41075-rm-core-data-app.CoreDataCoursera";
				PRODUCT_NAME = "$(TARGET_NAME)";
			};
			name = Debug;
		};
		B4D6590D1BFA60BB005FAEB6 /* Release */ = {
			isa = XCBuildConfiguration;
			buildSettings = {
				ASSETCATALOG_COMPILER_APPICON_NAME = AppIcon;
				INFOPLIST_FILE = CoreDataCoursera/Info.plist;
				LD_RUNPATH_SEARCH_PATHS = "$(inherited) @executable_path/Frameworks";
				PRODUCT_BUNDLE_IDENTIFIER = "-41075-rm-core-data-app.CoreDataCoursera";
				PRODUCT_NAME = "$(TARGET_NAME)";
			};
			name = Release;
		};
/* End XCBuildConfiguration section */

/* Begin XCConfigurationList section */
		B4D658EC1BFA60BB005FAEB6 /* Build configuration list for PBXProject "CoreDataCoursera" */ = {
			isa = XCConfigurationList;
			buildConfigurations = (
				B4D659091BFA60BB005FAEB6 /* Debug */,
				B4D6590A1BFA60BB005FAEB6 /* Release */,
			);
			defaultConfigurationIsVisible = 0;
			defaultConfigurationName = Release;
		};
		B4D6590B1BFA60BB005FAEB6 /* Build configuration list for PBXNativeTarget "CoreDataCoursera" */ = {
			isa = XCConfigurationList;
			buildConfigurations = (
				B4D6590C1BFA60BB005FAEB6 /* Debug */,
				B4D6590D1BFA60BB005FAEB6 /* Release */,
			);
			defaultConfigurationIsVisible = 0;
			defaultConfigurationName = Release;
		};
/* End XCConfigurationList section */

/* Begin XCVersionGroup section */
		B4D659001BFA60BB005FAEB6 /* CoreDataCoursera.xcdatamodeld */ = {
			isa = XCVersionGroup;
			children = (
				B4D659011BFA60BB005FAEB6 /* CoreDataCoursera.xcdatamodel */,
			);
			currentVersion = B4D659011BFA60BB005FAEB6 /* CoreDataCoursera.xcdatamodel */;
			path = CoreDataCoursera.xcdatamodeld;
			sourceTree = "<group>";
			versionGroupType = wrapper.xcdatamodel;
		};
/* End XCVersionGroup section */
	};
	rootObject = B4D658E91BFA60BB005FAEB6 /* Project object */;
}
